
Microsoft Visual Studio Solution File, Format Version 12.00
# Visual Studio Version 17
VisualStudioVersion = 17.10.34928.147
MinimumVisualStudioVersion = 10.0.40219.1
Project("{9A19103F-16F7-4668-BE54-9A1E7A4F7556}") = "Address-Book", "src\Address-Book.csproj", "{53E04098-694D-4423-8CDF-CCECD5DE9EF3}"
EndProject
Global
	GlobalSection(SolutionConfigurationPlatforms) = preSolution
		Debug|Any CPU = Debug|Any CPU
		Release|Any CPU = Release|Any CPU
	EndGlobalSection
	GlobalSection(ProjectConfigurationPlatforms) = postSolution
		{53E04098-694D-4423-8CDF-CCECD5DE9EF3}.Debug|Any CPU.ActiveCfg = Debug|Any CPU
		{53E04098-694D-4423-8CDF-CCECD5DE9EF3}.Debug|Any CPU.Build.0 = Debug|Any CPU
		{53E04098-694D-4423-8CDF-CCECD5DE9EF3}.Release|Any CPU.ActiveCfg = Release|Any CPU
		{53E04098-694D-4423-8CDF-CCECD5DE9EF3}.Release|Any CPU.Build.0 = Release|Any CPU
	EndGlobalSection
	GlobalSection(SolutionProperties) = preSolution
		HideSolutionNode = FALSE
	EndGlobalSection
	GlobalSection(ExtensibilityGlobals) = postSolution
		SolutionGuid = {B1AB994D-79F0-4F9D-A3EE-812EA41337CB}
	EndGlobalSection
EndGlobal
